# This file is automatically @generated by Poetry 1.8.4 and should not be changed by hand.

[[package]]
name = "polars"
version = "1.33.1"
description = "Blazingly fast DataFrame library"
optional = false
python-versions = ">=3.9"
files = [
    {file = "polars-1.33.1-cp39-abi3-macosx_10_12_x86_64.whl", hash = "sha256:3881c444b0f14778ba94232f077a709d435977879c1b7d7bd566b55bd1830bb5"},
    {file = "polars-1.33.1-cp39-abi3-macosx_11_0_arm64.whl", hash = "sha256:29200b89c9a461e6f06fc1660bc9c848407640ee30fe0e5ef4947cfd49d55337"},
    {file = "polars-1.33.1-cp39-abi3-manylinux_2_17_x86_64.manylinux2014_x86_64.whl", hash = "sha256:444940646e76342abaa47f126c70e3e40b56e8e02a9e89e5c5d1c24b086db58a"},
    {file = "polars-1.33.1-cp39-abi3-manylinux_2_24_aarch64.whl", hash = "sha256:094a37d06789286649f654f229ec4efb9376630645ba8963b70cb9c0b008b3e1"},
    {file = "polars-1.33.1-cp39-abi3-win_amd64.whl", hash = "sha256:c9781c704432a2276a185ee25898aa427f39a904fbe8fde4ae779596cdbd7a9e"},
    {file = "polars-1.33.1-cp39-abi3-win_arm64.whl", hash = "sha256:c3cfddb3b78eae01a218222bdba8048529fef7e14889a71e33a5198644427642"},
    {file = "polars-1.33.1.tar.gz", hash = "sha256:fa3fdc34eab52a71498264d6ff9b0aa6955eb4b0ae8add5d3cb43e4b84644007"},
]

[package.extras]
adbc = ["adbc-driver-manager[dbapi]", "adbc-driver-sqlite[dbapi]"]
all = ["polars[async,cloudpickle,database,deltalake,excel,fsspec,graph,iceberg,numpy,pandas,plot,pyarrow,pydantic,style,timezone]"]
async = ["gevent"]
calamine = ["fastexcel (>=0.9)"]
cloudpickle = ["cloudpickle"]
connectorx = ["connectorx (>=0.3.2)"]
database = ["polars[adbc,connectorx,sqlalchemy]"]
deltalake = ["deltalake (>=1.0.0)"]
excel = ["polars[calamine,openpyxl,xlsx2csv,xlsxwriter]"]
fsspec = ["fsspec"]
gpu = ["cudf-polars-cu12"]
graph = ["matplotlib"]
iceberg = ["pyiceberg (>=0.7.1)"]
numpy = ["numpy (>=1.16.0)"]
openpyxl = ["openpyxl (>=3.0.0)"]
pandas = ["pandas", "polars[pyarrow]"]
plot = ["altair (>=5.4.0)"]
polars-cloud = ["polars-cloud (>=0.0.1a1)"]
pyarrow = ["pyarrow (>=7.0.0)"]
pydantic = ["pydantic"]
sqlalchemy = ["polars[pandas]", "sqlalchemy"]
style = ["great-tables (>=0.8.0)"]
timezone = ["tzdata"]
xlsx2csv = ["xlsx2csv (>=0.8.0)"]
xlsxwriter = ["xlsxwriter"]

[[package]]
name = "pyarrow"
version = "21.0.0"
description = "Python library for Apache Arrow"
optional = false
python-versions = ">=3.9"
files = [
    {file = "pyarrow-21.0.0-cp310-cp310-macosx_12_0_arm64.whl", hash = "sha256:e563271e2c5ff4d4a4cbeb2c83d5cf0d4938b891518e676025f7268c6fe5fe26"},
    {file = "pyarrow-21.0.0-cp310-cp310-macosx_12_0_x86_64.whl", hash = "sha256:fee33b0ca46f4c85443d6c450357101e47d53e6c3f008d658c27a2d020d44c79"},
    {file = "pyarrow-21.0.0-cp310-cp310-manylinux_2_28_aarch64.whl", hash = "sha256:7be45519b830f7c24b21d630a31d48bcebfd5d4d7f9d3bdb49da9cdf6d764edb"},
    {file = "pyarrow-21.0.0-cp310-cp310-manylinux_2_28_x86_64.whl", hash = "sha256:26bfd95f6bff443ceae63c65dc7e048670b7e98bc892210acba7e4995d3d4b51"},
    {file = "pyarrow-21.0.0-cp310-cp310-musllinux_1_2_aarch64.whl", hash = "sha256:bd04ec08f7f8bd113c55868bd3fc442a9db67c27af098c5f814a3091e71cc61a"},
    {file = "pyarrow-21.0.0-cp310-cp310-musllinux_1_2_x86_64.whl", hash = "sha256:9b0b14b49ac10654332a805aedfc0147fb3469cbf8ea951b3d040dab12372594"},
    {file = "pyarrow-21.0.0-cp310-cp310-win_amd64.whl", hash = "sha256:9d9f8bcb4c3be7738add259738abdeddc363de1b80e3310e04067aa1ca596634"},
    {file = "pyarrow-21.0.0-cp311-cp311-macosx_12_0_arm64.whl", hash = "sha256:c077f48aab61738c237802836fc3844f85409a46015635198761b0d6a688f87b"},
    {file = "pyarrow-21.0.0-cp311-cp311-macosx_12_0_x86_64.whl", hash = "sha256:689f448066781856237eca8d1975b98cace19b8dd2ab6145bf49475478bcaa10"},
    {file = "pyarrow-21.0.0-cp311-cp311-manylinux_2_28_aarch64.whl", hash = "sha256:479ee41399fcddc46159a551705b89c05f11e8b8cb8e968f7fec64f62d91985e"},
    {file = "pyarrow-21.0.0-cp311-cp311-manylinux_2_28_x86_64.whl", hash = "sha256:40ebfcb54a4f11bcde86bc586cbd0272bac0d516cfa539c799c2453768477569"},
    {file = "pyarrow-21.0.0-cp311-cp311-musllinux_1_2_aarch64.whl", hash = "sha256:8d58d8497814274d3d20214fbb24abcad2f7e351474357d552a8d53bce70c70e"},
    {file = "pyarrow-21.0.0-cp311-cp311-musllinux_1_2_x86_64.whl", hash = "sha256:585e7224f21124dd57836b1530ac8f2df2afc43c861d7bf3d58a4870c42ae36c"},
    {file = "pyarrow-21.0.0-cp311-cp311-win_amd64.whl", hash = "sha256:555ca6935b2cbca2c0e932bedd853e9bc523098c39636de9ad4693b5b1df86d6"},
    {file = "pyarrow-21.0.0-cp312-cp312-macosx_12_0_arm64.whl", hash = "sha256:3a302f0e0963db37e0a24a70c56cf91a4faa0bca51c23812279ca2e23481fccd"},
    {file = "pyarrow-21.0.0-cp312-cp312-macosx_12_0_x86_64.whl", hash = "sha256:b6b27cf01e243871390474a211a7922bfbe3bda21e39bc9160daf0da3fe48876"},
    {file = "pyarrow-21.0.0-cp312-cp312-manylinux_2_28_aarch64.whl", hash = "sha256:e72a8ec6b868e258a2cd2672d91f2860ad532d590ce94cdf7d5e7ec674ccf03d"},
    {file = "pyarrow-21.0.0-cp312-cp312-manylinux_2_28_x86_64.whl", hash = "sha256:b7ae0bbdc8c6674259b25bef5d2a1d6af5d39d7200c819cf99e07f7dfef1c51e"},
    {file = "pyarrow-21.0.0-cp312-cp312-musllinux_1_2_aarch64.whl", hash = "sha256:58c30a1729f82d201627c173d91bd431db88ea74dcaa3885855bc6203e433b82"},
    {file = "pyarrow-21.0.0-cp312-cp312-musllinux_1_2_x86_64.whl", hash = "sha256:072116f65604b822a7f22945a7a6e581cfa28e3454fdcc6939d4ff6090126623"},
    {file = "pyarrow-21.0.0-cp312-cp312-win_amd64.whl", hash = "sha256:cf56ec8b0a5c8c9d7021d6fd754e688104f9ebebf1bf4449613c9531f5346a18"},
    {file = "pyarrow-21.0.0-cp313-cp313-macosx_12_0_arm64.whl", hash = "sha256:e99310a4ebd4479bcd1964dff9e14af33746300cb014aa4a3781738ac63baf4a"},
    {file = "pyarrow-21.0.0-cp313-cp313-macosx_12_0_x86_64.whl", hash = "sha256:d2fe8e7f3ce329a71b7ddd7498b3cfac0eeb200c2789bd840234f0dc271a8efe"},
    {file = "pyarrow-21.0.0-cp313-cp313-manylinux_2_28_aarch64.whl", hash = "sha256:f522e5709379d72fb3da7785aa489ff0bb87448a9dc5a75f45763a795a089ebd"},
    {file = "pyarrow-21.0.0-cp313-cp313-manylinux_2_28_x86_64.whl", hash = "sha256:69cbbdf0631396e9925e048cfa5bce4e8c3d3b41562bbd70c685a8eb53a91e61"},
    {file = "pyarrow-21.0.0-cp313-cp313-musllinux_1_2_aarch64.whl", hash = "sha256:731c7022587006b755d0bdb27626a1a3bb004bb56b11fb30d98b6c1b4718579d"},
    {file = "pyarrow-21.0.0-cp313-cp313-musllinux_1_2_x86_64.whl", hash = "sha256:dc56bc708f2d8ac71bd1dcb927e458c93cec10b98eb4120206a4091db7b67b99"},
    {file = "pyarrow-21.0.0-cp313-cp313-win_amd64.whl", hash = "sha256:186aa00bca62139f75b7de8420f745f2af12941595bbbfa7ed3870ff63e25636"},
    {file = "pyarrow-21.0.0-cp313-cp313t-macosx_12_0_arm64.whl", hash = "sha256:a7a102574faa3f421141a64c10216e078df467ab9576684d5cd696952546e2da"},
    {file = "pyarrow-21.0.0-cp313-cp313t-macosx_12_0_x86_64.whl", hash = "sha256:1e005378c4a2c6db3ada3ad4c217b381f6c886f0a80d6a316fe586b90f77efd7"},
    {file = "pyarrow-21.0.0-cp313-cp313t-manylinux_2_28_aarch64.whl", hash = "sha256:65f8e85f79031449ec8706b74504a316805217b35b6099155dd7e227eef0d4b6"},
    {file = "pyarrow-21.0.0-cp313-cp313t-manylinux_2_28_x86_64.whl", hash = "sha256:3a81486adc665c7eb1a2bde0224cfca6ceaba344a82a971ef059678417880eb8"},
    {file = "pyarrow-21.0.0-cp313-cp313t-musllinux_1_2_aarch64.whl", hash = "sha256:fc0d2f88b81dcf3ccf9a6ae17f89183762c8a94a5bdcfa09e05cfe413acf0503"},
    {file = "pyarrow-21.0.0-cp313-cp313t-musllinux_1_2_x86_64.whl", hash = "sha256:6299449adf89df38537837487a4f8d3bd91ec94354fdd2a7d30bc11c48ef6e79"},
    {file = "pyarrow-21.0.0-cp313-cp313t-win_amd64.whl", hash = "sha256:222c39e2c70113543982c6b34f3077962b44fca38c0bd9e68bb6781534425c10"},
    {file = "pyarrow-21.0.0-cp39-cp39-macosx_12_0_arm64.whl", hash = "sha256:a7f6524e3747e35f80744537c78e7302cd41deee8baa668d56d55f77d9c464b3"},
    {file = "pyarrow-21.0.0-cp39-cp39-macosx_12_0_x86_64.whl", hash = "sha256:203003786c9fd253ebcafa44b03c06983c9c8d06c3145e37f1b76a1f317aeae1"},
    {file = "pyarrow-21.0.0-cp39-cp39-manylinux_2_28_aarch64.whl", hash = "sha256:3b4d97e297741796fead24867a8dabf86c87e4584ccc03167e4a811f50fdf74d"},
    {file = "pyarrow-21.0.0-cp39-cp39-manylinux_2_28_x86_64.whl", hash = "sha256:898afce396b80fdda05e3086b4256f8677c671f7b1d27a6976fa011d3fd0a86e"},
    {file = "pyarrow-21.0.0-cp39-cp39-musllinux_1_2_aarch64.whl", hash = "sha256:067c66ca29aaedae08218569a114e413b26e742171f526e828e1064fcdec13f4"},
    {file = "pyarrow-21.0.0-cp39-cp39-musllinux_1_2_x86_64.whl", hash = "sha256:0c4e75d13eb76295a49e0ea056eb18dbd87d81450bfeb8afa19a7e5a75ae2ad7"},
    {file = "pyarrow-21.0.0-cp39-cp39-win_amd64.whl", hash = "sha256:cdc4c17afda4dab2a9c0b79148a43a7f4e1094916b3e18d8975bfd6d6d52241f"},
    {file = "pyarrow-21.0.0.tar.gz", hash = "sha256:5051f2dccf0e283ff56335760cbc8622cf52264d67e359d5569541ac11b6d5bc"},
]

[package.extras]
test = ["cffi", "hypothesis", "pandas", "pytest", "pytz"]

[metadata]
lock-version = "2.0"
python-versions = "^3.12"
content-hash = "9ad4ebc2d1c152224c591b588a5af3e0692a8a2e633cc9ecec114845cbac0a29"
